Microsoft Visual Studio Solution File, Format Version 12.00
# Visual Studio 2012
Project("{FAE04EC0-301F-11D3-BF4B-00C04F79EFBC}") = "Star Trip Orchestra", "Star Trip Orchestra.csproj", "{48C1C7B3-2067-482A-B958-07A29ACB9D66}"
EndProject
Global
	GlobalSection(SolutionConfigurationPlatforms) = preSolution
	Debug|Any CPU = Debug|Any CPU
	ExportDebug|Any CPU = ExportDebug|Any CPU
	ExportRelease|Any CPU = ExportRelease|Any CPU
	EndGlobalSection
	GlobalSection(ProjectConfigurationPlatforms) = postSolution
		{48C1C7B3-2067-482A-B958-07A29ACB9D66}.Debug|Any CPU.ActiveCfg = Debug|Any CPU
		{48C1C7B3-2067-482A-B958-07A29ACB9D66}.Debug|Any CPU.Build.0 = Debug|Any CPU
		{48C1C7B3-2067-482A-B958-07A29ACB9D66}.ExportDebug|Any CPU.ActiveCfg = ExportDebug|Any CPU
		{48C1C7B3-2067-482A-B958-07A29ACB9D66}.ExportDebug|Any CPU.Build.0 = ExportDebug|Any CPU
		{48C1C7B3-2067-482A-B958-07A29ACB9D66}.ExportRelease|Any CPU.ActiveCfg = ExportRelease|Any CPU
		{48C1C7B3-2067-482A-B958-07A29ACB9D66}.ExportRelease|Any CPU.Build.0 = ExportRelease|Any CPU
	EndGlobalSection
EndGlobal
